// !$*UTF8*$!
{
	archiveVersion = 1;
	classes = {
	};
	objectVersion = 55;
	objects = {

/* Begin PBXBuildFile section */
		0607E2B428772F1D008BC90B /* landmarkData.json in Resources */ = {isa = PBXBuildFile; fileRef = 0607E2B328772F1D008BC90B /* landmarkData.json */; };
		0607E2B828773253008BC90B /* LandmarkRow.swift in Sources */ = {isa = PBXBuildFile; fileRef = 0607E2B728773253008BC90B /* LandmarkRow.swift */; };
		0607E2BA287734DA008BC90B /* LandmarkList.swift in Sources */ = {isa = PBXBuildFile; fileRef = 0607E2B9287734DA008BC90B /* LandmarkList.swift */; };
		0607E2BC28773770008BC90B /* LandmarkDetail.swift in Sources */ = {isa = PBXBuildFile; fileRef = 0607E2BB28773770008BC90B /* LandmarkDetail.swift */; };
		06142D1128169DCC00899D27 /* LandmarksApp.swift in Sources */ = {isa = PBXBuildFile; fileRef = 06142D1028169DCC00899D27 /* LandmarksApp.swift */; };
		06142D1328169DCC00899D27 /* ContentView.swift in Sources */ = {isa = PBXBuildFile; fileRef = 06142D1228169DCC00899D27 /* ContentView.swift */; };
		06142D1528169DCC00899D27 /* Assets.xcassets in Resources */ = {isa = PBXBuildFile; fileRef = 06142D1428169DCC00899D27 /* Assets.xcassets */; };
		06142D1828169DCC00899D27 /* Preview Assets.xcassets in Resources */ = {isa = PBXBuildFile; fileRef = 06142D1728169DCC00899D27 /* Preview Assets.xcassets */; };
		06142D1F2816A28B00899D27 /* CircleImage.swift in Sources */ = {isa = PBXBuildFile; fileRef = 06142D1E2816A28B00899D27 /* CircleImage.swift */; };
		06142D212816A39900899D27 /* MapView.swift in Sources */ = {isa = PBXBuildFile; fileRef = 06142D202816A39900899D27 /* MapView.swift */; };
		067495D92816ABB500D17B0D /* LICENSE.txt in Resources */ = {isa = PBXBuildFile; fileRef = 067495CB2816ABB500D17B0D /* LICENSE.txt */; };
		067495DA2816ABB500D17B0D /* umbagog@2x.jpg in Resources */ = {isa = PBXBuildFile; fileRef = 067495CD2816ABB500D17B0D /* umbagog@2x.jpg */; };
		067495DB2816ABB500D17B0D /* twinlake@2x.jpg in Resources */ = {isa = PBXBuildFile; fileRef = 067495CE2816ABB500D17B0D /* twinlake@2x.jpg */; };
		067495DC2816ABB500D17B0D /* chincoteague@2x.jpg in Resources */ = {isa = PBXBuildFile; fileRef = 067495CF2816ABB500D17B0D /* chincoteague@2x.jpg */; };
		067495DD2816ABB500D17B0D /* lakemcdonald@2x.jpg in Resources */ = {isa = PBXBuildFile; fileRef = 067495D02816ABB500D17B0D /* lakemcdonald@2x.jpg */; };
		067495DE2816ABB500D17B0D /* silversalmoncreek@2x.jpg in Resources */ = {isa = PBXBuildFile; fileRef = 067495D12816ABB500D17B0D /* silversalmoncreek@2x.jpg */; };
		067495DF2816ABB500D17B0D /* icybay@2x.jpg in Resources */ = {isa = PBXBuildFile; fileRef = 067495D22816ABB500D17B0D /* icybay@2x.jpg */; };
		067495E02816ABB500D17B0D /* hiddenlake@2x.jpg in Resources */ = {isa = PBXBuildFile; fileRef = 067495D32816ABB500D17B0D /* hiddenlake@2x.jpg */; };
		067495E12816ABB500D17B0D /* chilkoottrail@2x.jpg in Resources */ = {isa = PBXBuildFile; fileRef = 067495D42816ABB500D17B0D /* chilkoottrail@2x.jpg */; };
		067495E22816ABB500D17B0D /* stmarylake@2x.jpg in Resources */ = {isa = PBXBuildFile; fileRef = 067495D52816ABB500D17B0D /* stmarylake@2x.jpg */; };
		067495E32816ABB500D17B0D /* charleyrivers@2x.jpg in Resources */ = {isa = PBXBuildFile; fileRef = 067495D62816ABB500D17B0D /* charleyrivers@2x.jpg */; };
		067495E42816ABB500D17B0D /* rainbowlake@2x.jpg in Resources */ = {isa = PBXBuildFile; fileRef = 067495D72816ABB500D17B0D /* rainbowlake@2x.jpg */; };
		067495E72816ABE000D17B0D /* Landmark.swift in Sources */ = {isa = PBXBuildFile; fileRef = 067495E62816ABE000D17B0D /* Landmark.swift */; };
		067495E92816AF0400D17B0D /* ModelDate.swift in Sources */ = {isa = PBXBuildFile; fileRef = 067495E82816AF0400D17B0D /* ModelDate.swift */; };
/* End PBXBuildFile section */

/* Begin PBXFileReference section */
		0607E2B328772F1D008BC90B /* landmarkData.json */ = {isa = PBXFileReference; fileEncoding = 4; lastKnownFileType = text.json; name = landmarkData.json; path = ../landmarkData.json; sourceTree = "<group>"; };
		0607E2B728773253008BC90B /* LandmarkRow.swift */ = {isa = PBXFileReference; lastKnownFileType = sourcecode.swift; path = LandmarkRow.swift; sourceTree = "<group>"; };
		0607E2B9287734DA008BC90B /* LandmarkList.swift */ = {isa = PBXFileReference; lastKnownFileType = sourcecode.swift; path = LandmarkList.swift; sourceTree = "<group>"; };
		0607E2BB28773770008BC90B /* LandmarkDetail.swift */ = {isa = PBXFileReference; lastKnownFileType = sourcecode.swift; path = LandmarkDetail.swift; sourceTree = "<group>"; };
		06142D0D28169DCC00899D27 /* Landmarks.app */ = {isa = PBXFileReference; explicitFileType = wrapper.application; includeInIndex = 0; path = Landmarks.app; sourceTree = BUILT_PRODUCTS_DIR; };
		06142D1028169DCC00899D27 /* LandmarksApp.swift */ = {isa = PBXFileReference; lastKnownFileType = sourcecode.swift; path = LandmarksApp.swift; sourceTree = "<group>"; };
		06142D1228169DCC00899D27 /* ContentView.swift */ = {isa = PBXFileReference; lastKnownFileType = sourcecode.swift; path = ContentView.swift; sourceTree = "<group>"; };
		06142D1428169DCC00899D27 /* Assets.xcassets */ = {isa = PBXFileReference; lastKnownFileType = folder.assetcatalog; path = Assets.xcassets; sourceTree = "<group>"; };
		06142D1728169DCC00899D27 /* Preview Assets.xcassets */ = {isa = PBXFileReference; lastKnownFileType = folder.assetcatalog; path = "Preview Assets.xcassets"; sourceTree = "<group>"; };
		06142D1E2816A28B00899D27 /* CircleImage.swift */ = {isa = PBXFileReference; lastKnownFileType = sourcecode.swift; path = CircleImage.swift; sourceTree = "<group>"; };
		06142D202816A39900899D27 /* MapView.swift */ = {isa = PBXFileReference; lastKnownFileType = sourcecode.swift; path = MapView.swift; sourceTree = "<group>"; };
		067495CB2816ABB500D17B0D /* LICENSE.txt */ = {isa = PBXFileReference; fileEncoding = 4; lastKnownFileType = text; path = LICENSE.txt; sourceTree = "<group>"; };
		067495CD2816ABB500D17B0D /* umbagog@2x.jpg */ = {isa = PBXFileReference; lastKnownFileType = image.jpeg; path = "umbagog@2x.jpg"; sourceTree = "<group>"; };
		067495CE2816ABB500D17B0D /* twinlake@2x.jpg */ = {isa = PBXFileReference; lastKnownFileType = image.jpeg; path = "twinlake@2x.jpg"; sourceTree = "<group>"; };
		067495CF2816ABB500D17B0D /* chincoteague@2x.jpg */ = {isa = PBXFileReference; lastKnownFileType = image.jpeg; path = "chincoteague@2x.jpg"; sourceTree = "<group>"; };
		067495D02816ABB500D17B0D /* lakemcdonald@2x.jpg */ = {isa = PBXFileReference; lastKnownFileType = image.jpeg; path = "lakemcdonald@2x.jpg"; sourceTree = "<group>"; };
		067495D12816ABB500D17B0D /* silversalmoncreek@2x.jpg */ = {isa = PBXFileReference; lastKnownFileType = image.jpeg; path = "silversalmoncreek@2x.jpg"; sourceTree = "<group>"; };
		067495D22816ABB500D17B0D /* icybay@2x.jpg */ = {isa = PBXFileReference; lastKnownFileType = image.jpeg; path = "icybay@2x.jpg"; sourceTree = "<group>"; };
		067495D32816ABB500D17B0D /* hiddenlake@2x.jpg */ = {isa = PBXFileReference; lastKnownFileType = image.jpeg; path = "hiddenlake@2x.jpg"; sourceTree = "<group>"; };
		067495D42816ABB500D17B0D /* chilkoottrail@2x.jpg */ = {isa = PBXFileReference; lastKnownFileType = image.jpeg; path = "chilkoottrail@2x.jpg"; sourceTree = "<group>"; };
		067495D52816ABB500D17B0D /* stmarylake@2x.jpg */ = {isa = PBXFileReference; lastKnownFileType = image.jpeg; path = "stmarylake@2x.jpg"; sourceTree = "<group>"; };
		067495D62816ABB500D17B0D /* charleyrivers@2x.jpg */ = {isa = PBXFileReference; lastKnownFileType = image.jpeg; path = "charleyrivers@2x.jpg"; sourceTree = "<group>"; };
		067495D72816ABB500D17B0D /* rainbowlake@2x.jpg */ = {isa = PBXFileReference; lastKnownFileType = image.jpeg; path = "rainbowlake@2x.jpg"; sourceTree = "<group>"; };
		067495E62816ABE000D17B0D /* Landmark.swift */ = {isa = PBXFileReference; lastKnownFileType = sourcecode.swift; path = Landmark.swift; sourceTree = "<group>"; };
		067495E82816AF0400D17B0D /* ModelDate.swift */ = {isa = PBXFileReference; lastKnownFileType = sourcecode.swift; path = ModelDate.swift; sourceTree = "<group>"; };
/* End PBXFileReference section */

/* Begin PBXFrameworksBuildPhase section */
		06142D0A28169DCC00899D27 /* Frameworks */ = {
			isa = PBXFrameworksBuildPhase;
			buildActionMask = 2147483647;
			files = (
			);
			runOnlyForDeploymentPostprocessing = 0;
		};
/* End PBXFrameworksBuildPhase section */

/* Begin PBXGroup section */
		0607E2B5287731B7008BC90B /* Views */ = {
			isa = PBXGroup;
			children = (
				06142D1228169DCC00899D27 /* ContentView.swift */,
				06142D1E2816A28B00899D27 /* CircleImage.swift */,
				06142D202816A39900899D27 /* MapView.swift */,
			);
			path = Views;
			sourceTree = "<group>";
		};
		0607E2B6287731C8008BC90B /* Model */ = {
			isa = PBXGroup;
			children = (
				067495E82816AF0400D17B0D /* ModelDate.swift */,
				067495E62816ABE000D17B0D /* Landmark.swift */,
			);
			path = Model;
			sourceTree = "<group>";
		};
		06142D0428169DCC00899D27 = {
			isa = PBXGroup;
			children = (
				06142D0F28169DCC00899D27 /* Landmarks */,
				06142D0E28169DCC00899D27 /* Products */,
			);
			sourceTree = "<group>";
		};
		06142D0E28169DCC00899D27 /* Products */ = {
			isa = PBXGroup;
			children = (
				06142D0D28169DCC00899D27 /* Landmarks.app */,
			);
			name = Products;
			sourceTree = "<group>";
		};
		06142D0F28169DCC00899D27 /* Landmarks */ = {
			isa = PBXGroup;
			children = (
				0607E2B9287734DA008BC90B /* LandmarkList.swift */,
				0607E2B728773253008BC90B /* LandmarkRow.swift */,
				06142D1028169DCC00899D27 /* LandmarksApp.swift */,
				0607E2BB28773770008BC90B /* LandmarkDetail.swift */,
				06142D1428169DCC00899D27 /* Assets.xcassets */,
				06142D1628169DCC00899D27 /* Preview Content */,
				0607E2B5287731B7008BC90B /* Views */,
				0607E2B6287731C8008BC90B /* Model */,
				067495C92816ABB500D17B0D /* Resources */,
			);
			path = Landmarks;
			sourceTree = "<group>";
		};
		06142D1628169DCC00899D27 /* Preview Content */ = {
			isa = PBXGroup;
			children = (
				06142D1728169DCC00899D27 /* Preview Assets.xcassets */,
			);
			path = "Preview Content";
			sourceTree = "<group>";
		};
		067495C92816ABB500D17B0D /* Resources */ = {
			isa = PBXGroup;
			children = (
				0607E2B328772F1D008BC90B /* landmarkData.json */,
				067495CC2816ABB500D17B0D /* Images */,
				067495CA2816ABB500D17B0D /* LICENSE */,
			);
			path = Resources;
			sourceTree = "<group>";
		};
		067495CA2816ABB500D17B0D /* LICENSE */ = {
			isa = PBXGroup;
			children = (
				067495CB2816ABB500D17B0D /* LICENSE.txt */,
			);
			path = LICENSE;
			sourceTree = "<group>";
		};
		067495CC2816ABB500D17B0D /* Images */ = {
			isa = PBXGroup;
			children = (
				067495CE2816ABB500D17B0D /* twinlake@2x.jpg */,
				067495CF2816ABB500D17B0D /* chincoteague@2x.jpg */,
				067495CD2816ABB500D17B0D /* umbagog@2x.jpg */,
				067495D02816ABB500D17B0D /* lakemcdonald@2x.jpg */,
				067495D12816ABB500D17B0D /* silversalmoncreek@2x.jpg */,
				067495D22816ABB500D17B0D /* icybay@2x.jpg */,
				067495D32816ABB500D17B0D /* hiddenlake@2x.jpg */,
				067495D42816ABB500D17B0D /* chilkoottrail@2x.jpg */,
				067495D52816ABB500D17B0D /* stmarylake@2x.jpg */,
				067495D62816ABB500D17B0D /* charleyrivers@2x.jpg */,
				067495D72816ABB500D17B0D /* rainbowlake@2x.jpg */,
			);
			path = Images;
			sourceTree = "<group>";
		};
/* End PBXGroup section */

/* Begin PBXNativeTarget section */
		06142D0C28169DCC00899D27 /* Landmarks */ = {
			isa = PBXNativeTarget;
			buildConfigurationList = 06142D1B28169DCC00899D27 /* Build configuration list for PBXNativeTarget "Landmarks" */;
			buildPhases = (
				06142D0928169DCC00899D27 /* Sources */,
				06142D0A28169DCC00899D27 /* Frameworks */,
				06142D0B28169DCC00899D27 /* Resources */,
			);
			buildRules = (
			);
			dependencies = (
			);
			name = Landmarks;
			productName = Landmarks;
			productReference = 06142D0D28169DCC00899D27 /* Landmarks.app */;
			productType = "com.apple.product-type.application";
		};
/* End PBXNativeTarget section */

/* Begin PBXProject section */
		06142D0528169DCC00899D27 /* Project object */ = {
			isa = PBXProject;
			attributes = {
				BuildIndependentTargetsInParallel = 1;
				LastSwiftUpdateCheck = 1330;
				LastUpgradeCheck = 1330;
				TargetAttributes = {
					06142D0C28169DCC00899D27 = {
						CreatedOnToolsVersion = 13.3.1;
					};
				};
			};
			buildConfigurationList = 06142D0828169DCC00899D27 /* Build configuration list for PBXProject "Landmarks" */;
			compatibilityVersion = "Xcode 13.0";
			developmentRegion = en;
			hasScannedForEncodings = 0;
			knownRegions = (
				en,
				Base,
			);
			mainGroup = 06142D0428169DCC00899D27;
			productRefGroup = 06142D0E28169DCC00899D27 /* Products */;
			projectDirPath = "";
			projectRoot = "";
			targets = (
				06142D0C28169DCC00899D27 /* Landmarks */,
			);
		};
/* End PBXProject section */

/* Begin PBXResourcesBuildPhase section */
		06142D0B28169DCC00899D27 /* Resources */ = {
			isa = PBXResourcesBuildPhase;
			buildActionMask = 2147483647;
			files = (
				067495E32816ABB500D17B0D /* charleyrivers@2x.jpg in Resources */,
				067495D92816ABB500D17B0D /* LICENSE.txt in Resources */,
				067495E02816ABB500D17B0D /* hiddenlake@2x.jpg in Resources */,
				067495DA2816ABB500D17B0D /* umbagog@2x.jpg in Resources */,
				067495E42816ABB500D17B0D /* rainbowlake@2x.jpg in Resources */,
				067495DF2816ABB500D17B0D /* icybay@2x.jpg in Resources */,
				067495DE2816ABB500D17B0D /* silversalmoncreek@2x.jpg in Resources */,
				06142D1828169DCC00899D27 /* Preview Assets.xcassets in Resources */,
				067495DB2816ABB500D17B0D /* twinlake@2x.jpg in Resources */,
				067495E22816ABB500D17B0D /* stmarylake@2x.jpg in Resources */,
				067495DD2816ABB500D17B0D /* lakemcdonald@2x.jpg in Resources */,
				067495E12816ABB500D17B0D /* chilkoottrail@2x.jpg in Resources */,
				0607E2B428772F1D008BC90B /* landmarkData.json in Resources */,
				06142D1528169DCC00899D27 /* Assets.xcassets in Resources */,
				067495DC2816ABB500D17B0D /* chincoteague@2x.jpg in Resources */,
			);
			runOnlyForDeploymentPostprocessing = 0;
		};
/* End PBXResourcesBuildPhase section */

/* Begin PBXSourcesBuildPhase section */
		06142D0928169DCC00899D27 /* Sources */ = {
			isa = PBXSourcesBuildPhase;
			buildActionMask = 2147483647;
			files = (
				06142D1328169DCC00899D27 /* ContentView.swift in Sources */,
				06142D212816A39900899D27 /* MapView.swift in Sources */,
				06142D1128169DCC00899D27 /* LandmarksApp.swift in Sources */,
				0607E2BA287734DA008BC90B /* LandmarkList.swift in Sources */,
				0607E2BC28773770008BC90B /* LandmarkDetail.swift in Sources */,
				067495E92816AF0400D17B0D /* ModelDate.swift in Sources */,
				06142D1F2816A28B00899D27 /* CircleImage.swift in Sources */,
				0607E2B828773253008BC90B /* LandmarkRow.swift in Sources */,
				067495E72816ABE000D17B0D /* Landmark.swift in Sources */,
			);
			runOnlyForDeploymentPostprocessing = 0;
		};
/* End PBXSourcesBuildPhase section */

/* Begin XCBuildConfiguration section */
		06142D1928169DCC00899D27 /* Debug */ = {
			isa = XCBuildConfiguration;
			buildSettings = {
				ALWAYS_SEARCH_USER_PATHS = NO;
				CLANG_ANALYZER_NONNULL = YES;
				CLANG_ANALYZER_NUMBER_OBJECT_CONVERSION = YES_AGGRESSIVE;
				CLANG_CXX_LANGUAGE_STANDARD = "gnu++17";
				CLANG_ENABLE_MODULES = YES;
				CLANG_ENABLE_OBJC_ARC = YES;
				CLANG_ENABLE_OBJC_WEAK = YES;
				CLANG_WARN_BLOCK_CAPTURE_AUTORELEASING = YES;
				CLANG_WARN_BOOL_CONVERSION = YES;
				CLANG_WARN_COMMA = YES;
				CLANG_WARN_CONSTANT_CONVERSION = YES;
				CLANG_WARN_DEPRECATED_OBJC_IMPLEMENTATIONS = YES;
				CLANG_WARN_DIRECT_OBJC_ISA_USAGE = YES_ERROR;
				CLANG_WARN_DOCUMENTATION_COMMENTS = YES;
				CLANG_WARN_EMPTY_BODY = YES;
				CLANG_WARN_ENUM_CONVERSION = YES;
				CLANG_WARN_INFINITE_RECURSION = YES;
				CLANG_WARN_INT_CONVERSION = YES;
				CLANG_WARN_NON_LITERAL_NULL_CONVERSION = YES;
				CLANG_WARN_OBJC_IMPLICIT_RETAIN_SELF = YES;
				CLANG_WARN_OBJC_LITERAL_CONVERSION = YES;
				CLANG_WARN_OBJC_ROOT_CLASS = YES_ERROR;
				CLANG_WARN_QUOTED_INCLUDE_IN_FRAMEWORK_HEADER = YES;
				CLANG_WARN_RANGE_LOOP_ANALYSIS = YES;
				CLANG_WARN_STRICT_PROTOTYPES = YES;
				CLANG_WARN_SUSPICIOUS_MOVE = YES;
				CLANG_WARN_UNGUARDED_AVAILABILITY = YES_AGGRESSIVE;
				CLANG_WARN_UNREACHABLE_CODE = YES;
				CLANG_WARN__DUPLICATE_METHOD_MATCH = YES;
				COPY_PHASE_STRIP = NO;
				DEBUG_INFORMATION_FORMAT = dwarf;
				ENABLE_STRICT_OBJC_MSGSEND = YES;
				ENABLE_TESTABILITY = YES;
				GCC_C_LANGUAGE_STANDARD = gnu11;
				GCC_DYNAMIC_NO_PIC = NO;
				GCC_NO_COMMON_BLOCKS = YES;
				GCC_OPTIMIZATION_LEVEL = 0;
				GCC_PREPROCESSOR_DEFINITIONS = (
					"DEBUG=1",
					"$(inherited)",
				);
				GCC_WARN_64_TO_32_BIT_CONVERSION = YES;
				GCC_WARN_ABOUT_RETURN_TYPE = YES_ERROR;
				GCC_WARN_UNDECLARED_SELECTOR = YES;
				GCC_WARN_UNINITIALIZED_AUTOS = YES_AGGRESSIVE;
				GCC_WARN_UNUSED_FUNCTION = YES;
				GCC_WARN_UNUSED_VARIABLE = YES;
				IPHONEOS_DEPLOYMENT_TARGET = 15.4;
				MTL_ENABLE_DEBUG_INFO = INCLUDE_SOURCE;
				MTL_FAST_MATH = YES;
				ONLY_ACTIVE_ARCH = YES;
				SDKROOT = iphoneos;
				SWIFT_ACTIVE_COMPILATION_CONDITIONS = DEBUG;
				SWIFT_OPTIMIZATION_LEVEL = "-Onone";
			};
			name = Debug;
		};
		06142D1A28169DCC00899D27 /* Release */ = {
			isa = XCBuildConfiguration;
			buildSettings = {
				ALWAYS_SEARCH_USER_PATHS = NO;
				CLANG_ANALYZER_NONNULL = YES;
				CLANG_ANALYZER_NUMBER_OBJECT_CONVERSION = YES_AGGRESSIVE;
				CLANG_CXX_LANGUAGE_STANDARD = "gnu++17";
				CLANG_ENABLE_MODULES = YES;
				CLANG_ENABLE_OBJC_ARC = YES;
				CLANG_ENABLE_OBJC_WEAK = YES;
				CLANG_WARN_BLOCK_CAPTURE_AUTORELEASING = YES;
				CLANG_WARN_BOOL_CONVERSION = YES;
				CLANG_WARN_COMMA = YES;
				CLANG_WARN_CONSTANT_CONVERSION = YES;
				CLANG_WARN_DEPRECATED_OBJC_IMPLEMENTATIONS = YES;
				CLANG_WARN_DIRECT_OBJC_ISA_USAGE = YES_ERROR;
				CLANG_WARN_DOCUMENTATION_COMMENTS = YES;
				CLANG_WARN_EMPTY_BODY = YES;
				CLANG_WARN_ENUM_CONVERSION = YES;
				CLANG_WARN_INFINITE_RECURSION = YES;
				CLANG_WARN_INT_CONVERSION = YES;
				CLANG_WARN_NON_LITERAL_NULL_CONVERSION = YES;
				CLANG_WARN_OBJC_IMPLICIT_RETAIN_SELF = YES;
				CLANG_WARN_OBJC_LITERAL_CONVERSION = YES;
				CLANG_WARN_OBJC_ROOT_CLASS = YES_ERROR;
				CLANG_WARN_QUOTED_INCLUDE_IN_FRAMEWORK_HEADER = YES;
				CLANG_WARN_RANGE_LOOP_ANALYSIS = YES;
				CLANG_WARN_STRICT_PROTOTYPES = YES;
				CLANG_WARN_SUSPICIOUS_MOVE = YES;
				CLANG_WARN_UNGUARDED_AVAILABILITY = YES_AGGRESSIVE;
				CLANG_WARN_UNREACHABLE_CODE = YES;
				CLANG_WARN__DUPLICATE_METHOD_MATCH = YES;
				COPY_PHASE_STRIP = NO;
				DEBUG_INFORMATION_FORMAT = "dwarf-with-dsym";
				ENABLE_NS_ASSERTIONS = NO;
				ENABLE_STRICT_OBJC_MSGSEND = YES;
				GCC_C_LANGUAGE_STANDARD = gnu11;
				GCC_NO_COMMON_BLOCKS = YES;
				GCC_WARN_64_TO_32_BIT_CONVERSION = YES;
				GCC_WARN_ABOUT_RETURN_TYPE = YES_ERROR;
				GCC_WARN_UNDECLARED_SELECTOR = YES;
				GCC_WARN_UNINITIALIZED_AUTOS = YES_AGGRESSIVE;
				GCC_WARN_UNUSED_FUNCTION = YES;
				GCC_WARN_UNUSED_VARIABLE = YES;
				IPHONEOS_DEPLOYMENT_TARGET = 15.4;
				MTL_ENABLE_DEBUG_INFO = NO;
				MTL_FAST_MATH = YES;
				SDKROOT = iphoneos;
				SWIFT_COMPILATION_MODE = wholemodule;
				SWIFT_OPTIMIZATION_LEVEL = "-O";
				VALIDATE_PRODUCT = YES;
			};
			name = Release;
		};
		06142D1C28169DCC00899D27 /* Debug */ = {
			isa = XCBuildConfiguration;
			buildSettings = {
				ASSETCATALOG_COMPILER_APPICON_NAME = AppIcon;
				ASSETCATALOG_COMPILER_GLOBAL_ACCENT_COLOR_NAME = AccentColor;
				CODE_SIGN_STYLE = Automatic;
				CURRENT_PROJECT_VERSION = 1;
				DEVELOPMENT_ASSET_PATHS = "\"Landmarks/Preview Content\"";
				DEVELOPMENT_TEAM = 989P72HFBW;
				ENABLE_PREVIEWS = YES;
				GENERATE_INFOPLIST_FILE = YES;
				INFOPLIST_KEY_UIApplicationSceneManifest_Generation = YES;
				INFOPLIST_KEY_UIApplicationSupportsIndirectInputEvents = YES;
				INFOPLIST_KEY_UILaunchScreen_Generation = YES;
				INFOPLIST_KEY_UISupportedInterfaceOrientations_iPad = "UIInterfaceOrientationPortrait UIInterfaceOrientationPortraitUpsideDown UIInterfaceOrientationLandscapeLeft UIInterfaceOrientationLandscapeRight";
				INFOPLIST_KEY_UISupportedInterfaceOrientations_iPhone = "UIInterfaceOrientationPortrait UIInterfaceOrientationLandscapeLeft UIInterfaceOrientationLandscapeRight";
				LD_RUNPATH_SEARCH_PATHS = (
					"$(inherited)",
					"@executable_path/Frameworks",
				);
				MARKETING_VERSION = 1.0;
				PRODUCT_BUNDLE_IDENTIFIER = y3sung.Landmarks;
				PRODUCT_NAME = "$(TARGET_NAME)";
				SWIFT_EMIT_LOC_STRINGS = YES;
				SWIFT_VERSION = 5.0;
				TARGETED_DEVICE_FAMILY = "1,2";
			};
			name = Debug;
		};
		06142D1D28169DCC00899D27 /* Release */ = {
			isa = XCBuildConfiguration;
			buildSettings = {
				ASSETCATALOG_COMPILER_APPICON_NAME = AppIcon;
				ASSETCATALOG_COMPILER_GLOBAL_ACCENT_COLOR_NAME = AccentColor;
				CODE_SIGN_STYLE = Automatic;
				CURRENT_PROJECT_VERSION = 1;
				DEVELOPMENT_ASSET_PATHS = "\"Landmarks/Preview Content\"";
				DEVELOPMENT_TEAM = 989P72HFBW;
				ENABLE_PREVIEWS = YES;
				GENERATE_INFOPLIST_FILE = YES;
				INFOPLIST_KEY_UIApplicationSceneManifest_Generation = YES;
				INFOPLIST_KEY_UIApplicationSupportsIndirectInputEvents = YES;
				INFOPLIST_KEY_UILaunchScreen_Generation = YES;
				INFOPLIST_KEY_UISupportedInterfaceOrientations_iPad = "UIInterfaceOrientationPortrait UIInterfaceOrientationPortraitUpsideDown UIInterfaceOrientationLandscapeLeft UIInterfaceOrientationLandscapeRight";
				INFOPLIST_KEY_UISupportedInterfaceOrientations_iPhone = "UIInterfaceOrientationPortrait UIInterfaceOrientationLandscapeLeft UIInterfaceOrientationLandscapeRight";
				LD_RUNPATH_SEARCH_PATHS = (
					"$(inherited)",
					"@executable_path/Frameworks",
				);
				MARKETING_VERSION = 1.0;
				PRODUCT_BUNDLE_IDENTIFIER = y3sung.Landmarks;
				PRODUCT_NAME = "$(TARGET_NAME)";
				SWIFT_EMIT_LOC_STRINGS = YES;
				SWIFT_VERSION = 5.0;
				TARGETED_DEVICE_FAMILY = "1,2";
			};
			name = Release;
		};
/* End XCBuildConfiguration section */

/* Begin XCConfigurationList section */
		06142D0828169DCC00899D27 /* Build configuration list for PBXProject "Landmarks" */ = {
			isa = XCConfigurationList;
			buildConfigurations = (
				06142D1928169DCC00899D27 /* Debug */,
				06142D1A28169DCC00899D27 /* Release */,
			);
			defaultConfigurationIsVisible = 0;
			defaultConfigurationName = Release;
		};
		06142D1B28169DCC00899D27 /* Build configuration list for PBXNativeTarget "Landmarks" */ = {
			isa = XCConfigurationList;
			buildConfigurations = (
				06142D1C28169DCC00899D27 /* Debug */,
				06142D1D28169DCC00899D27 /* Release */,
			);
			defaultConfigurationIsVisible = 0;
			defaultConfigurationName = Release;
		};
/* End XCConfigurationList section */
	};
	rootObject = 06142D0528169DCC00899D27 /* Project object */;
}
